schema: '2.0'
stages:
  data_ingestion:
    cmd: python src/data/data_ingestion.py
    deps:
    - path: src/data/data_ingestion.py
      hash: md5
      md5: 4eb3d7bf6321def6d8159be2c54b250c
      size: 3567
    params:
      params.yaml:
        data_ingestion.test_size: 0.15
    outs:
    - path: data/raw
      hash: md5
      md5: 9096031b858a2cbb24cca78d3ce8a538.dir
      size: 827973
      nfiles: 2
  data_preprocessing:
    cmd: python src/data/data_preprocessing.py
    deps:
    - path: data/raw
      hash: md5
      md5: 9096031b858a2cbb24cca78d3ce8a538.dir
      size: 827973
      nfiles: 2
    - path: src/data/data_preprocessing.py
      hash: md5
      md5: fb760612c0df7930a960bd2364686662
      size: 4025
    outs:
    - path: data/interim
      hash: md5
      md5: 5cad21fa0d9bde3de854f3c73c78db35.dir
      size: 572486
      nfiles: 2
  feature_engineering:
    cmd: python src/features/feature_engineering.py
    deps:
    - path: data/interim
      hash: md5
      md5: 5cad21fa0d9bde3de854f3c73c78db35.dir
      size: 572486
      nfiles: 2
    - path: src/features/feature_engineering.py
      hash: md5
      md5: fd11b8a60708c0a2deeb8670543ce410
      size: 3886
    params:
      params.yaml:
        feature_engineering.max_features: 8000
    outs:
    - path: data/processed
      hash: md5
      md5: f17527c015d18e8a436495867bc3fc50.dir
      size: 166092916
      nfiles: 2
    - path: models/vectorizer.pkl
      hash: md5
      md5: be65116526835599fac8b1242c386757
      size: 196497
  model_building:
    cmd: python src/model/model_building.py
    deps:
    - path: data/processed
      hash: md5
      md5: f17527c015d18e8a436495867bc3fc50.dir
      size: 166092916
      nfiles: 2
    - path: src/model/model_building.py
      hash: md5
      md5: 00331721d596951f94ca3a81675c2671
      size: 2380
    outs:
    - path: models/model.pkl
      hash: md5
      md5: 4863150432ec3b4911269982cc16c2fa
      size: 64716
  model_evaluation:
    cmd: python src/model/model_evaluation.py
    deps:
    - path: models/model.pkl
      hash: md5
      md5: 4863150432ec3b4911269982cc16c2fa
      size: 64716
    - path: src/model/model_evaluation.py
      hash: md5
      md5: 9fd65c5a7ee35f41e575251d867be6b0
      size: 5326
    outs:
    - path: reports/experiment_info.json
      hash: md5
      md5: 24a464cbff59fe3d277c8add830e2881
      size: 82
    - path: reports/metrics.json
      hash: md5
      md5: 8aadf8cee91eff3872f4ac2234602a16
      size: 145
  model_registration:
    cmd: python src/model/model_registration.py
    deps:
    - path: reports/experiment_info.json
      hash: md5
      md5: 24a464cbff59fe3d277c8add830e2881
      size: 82
    - path: src/model/model_registration.py
      hash: md5
      md5: 3b62009538da94491c4b22684165abc0
      size: 2568
